// !$*UTF8*$!
{
	archiveVersion = 1;
	classes = {
	};
	objectVersion = 77;
	objects = {

/* Begin PBXBuildFile section */
		CC1A2F272ED4B2D200633CAD /* Preview Assets.xcassets in Resources */ = {isa = PBXBuildFile; fileRef = CC1A2F212ED4B2D200633CAD /* Preview Assets.xcassets */; };
		CC1A2F282ED4B2D200633CAD /* Assets.xcassets in Resources */ = {isa = PBXBuildFile; fileRef = CC1A2F232ED4B2D200633CAD /* Assets.xcassets */; };
		CC1A2F2A2ED4B2D200633CAD /* ToDoListApp.swift in Sources */ = {isa = PBXBuildFile; fileRef = CC1A2F252ED4B2D200633CAD /* ToDoListApp.swift */; };
		CC293F902ED5F1CD002D1FF1 /* TaskMainView.swift in Sources */ = {isa = PBXBuildFile; fileRef = CC293F8F2ED5F1C9002D1FF1 /* TaskMainView.swift */; };
		CC293F922ED5F1D4002D1FF1 /* TaskDetailView.swift in Sources */ = {isa = PBXBuildFile; fileRef = CC293F912ED5F1D0002D1FF1 /* TaskDetailView.swift */; };
		CC293F942ED5F204002D1FF1 /* TaskViewModel.swift in Sources */ = {isa = PBXBuildFile; fileRef = CC293F932ED5F1FF002D1FF1 /* TaskViewModel.swift */; };
		CC293F962ED5F297002D1FF1 /* JsonViewModel.swift in Sources */ = {isa = PBXBuildFile; fileRef = CC293F952ED5F293002D1FF1 /* JsonViewModel.swift */; };
		CC293F982ED5F2B8002D1FF1 /* ApiModel.swift in Sources */ = {isa = PBXBuildFile; fileRef = CC293F972ED5F2B5002D1FF1 /* ApiModel.swift */; };
		CC293F9B2ED5F2E1002D1FF1 /* DataModel.xcdatamodeld in Sources */ = {isa = PBXBuildFile; fileRef = CC293F992ED5F2E1002D1FF1 /* DataModel.xcdatamodeld */; };
		CC2940012ED875FD002D1FF1 /* TaskDisplayModel.swift in Sources */ = {isa = PBXBuildFile; fileRef = CC2940002ED875F6002D1FF1 /* TaskDisplayModel.swift */; };
/* End PBXBuildFile section */

/* Begin PBXContainerItemProxy section */
		CC1A2F052ED4B2BD00633CAD /* PBXContainerItemProxy */ = {
			isa = PBXContainerItemProxy;
			containerPortal = CC1A2EEC2ED4B2BA00633CAD /* Project object */;
			proxyType = 1;
			remoteGlobalIDString = CC1A2EF32ED4B2BA00633CAD;
			remoteInfo = ToDoList;
		};
		CC1A2F0F2ED4B2BD00633CAD /* PBXContainerItemProxy */ = {
			isa = PBXContainerItemProxy;
			containerPortal = CC1A2EEC2ED4B2BA00633CAD /* Project object */;
			proxyType = 1;
			remoteGlobalIDString = CC1A2EF32ED4B2BA00633CAD;
			remoteInfo = ToDoList;
		};
/* End PBXContainerItemProxy section */

/* Begin PBXFileReference section */
		CC1A2EF42ED4B2BA00633CAD /* ToDoList.app */ = {isa = PBXFileReference; explicitFileType = wrapper.application; includeInIndex = 0; path = ToDoList.app; sourceTree = BUILT_PRODUCTS_DIR; };
		CC1A2F042ED4B2BD00633CAD /* ToDoListTests.xctest */ = {isa = PBXFileReference; explicitFileType = wrapper.cfbundle; includeInIndex = 0; path = ToDoListTests.xctest; sourceTree = BUILT_PRODUCTS_DIR; };
		CC1A2F0E2ED4B2BD00633CAD /* ToDoListUITests.xctest */ = {isa = PBXFileReference; explicitFileType = wrapper.cfbundle; includeInIndex = 0; path = ToDoListUITests.xctest; sourceTree = BUILT_PRODUCTS_DIR; };
		CC1A2F212ED4B2D200633CAD /* Preview Assets.xcassets */ = {isa = PBXFileReference; lastKnownFileType = folder.assetcatalog; path = "Preview Assets.xcassets"; sourceTree = "<group>"; };
		CC1A2F232ED4B2D200633CAD /* Assets.xcassets */ = {isa = PBXFileReference; lastKnownFileType = folder.assetcatalog; path = Assets.xcassets; sourceTree = "<group>"; };
		CC1A2F252ED4B2D200633CAD /* ToDoListApp.swift */ = {isa = PBXFileReference; lastKnownFileType = sourcecode.swift; path = ToDoListApp.swift; sourceTree = "<group>"; };
		CC293F8F2ED5F1C9002D1FF1 /* TaskMainView.swift */ = {isa = PBXFileReference; lastKnownFileType = sourcecode.swift; path = TaskMainView.swift; sourceTree = "<group>"; };
		CC293F912ED5F1D0002D1FF1 /* TaskDetailView.swift */ = {isa = PBXFileReference; lastKnownFileType = sourcecode.swift; path = TaskDetailView.swift; sourceTree = "<group>"; };
		CC293F932ED5F1FF002D1FF1 /* TaskViewModel.swift */ = {isa = PBXFileReference; lastKnownFileType = sourcecode.swift; path = TaskViewModel.swift; sourceTree = "<group>"; };
		CC293F952ED5F293002D1FF1 /* JsonViewModel.swift */ = {isa = PBXFileReference; lastKnownFileType = sourcecode.swift; path = JsonViewModel.swift; sourceTree = "<group>"; };
		CC293F972ED5F2B5002D1FF1 /* ApiModel.swift */ = {isa = PBXFileReference; lastKnownFileType = sourcecode.swift; path = ApiModel.swift; sourceTree = "<group>"; };
		CC293F9A2ED5F2E1002D1FF1 /* DataModel.xcdatamodel */ = {isa = PBXFileReference; lastKnownFileType = wrapper.xcdatamodel; path = DataModel.xcdatamodel; sourceTree = "<group>"; };
		CC2940002ED875F6002D1FF1 /* TaskDisplayModel.swift */ = {isa = PBXFileReference; lastKnownFileType = sourcecode.swift; path = TaskDisplayModel.swift; sourceTree = "<group>"; };
/* End PBXFileReference section */

/* Begin PBXFileSystemSynchronizedRootGroup section */
		CC1A2F072ED4B2BD00633CAD /* ToDoListTests */ = {
			isa = PBXFileSystemSynchronizedRootGroup;
			path = ToDoListTests;
			sourceTree = "<group>";
		};
		CC1A2F112ED4B2BD00633CAD /* ToDoListUITests */ = {
			isa = PBXFileSystemSynchronizedRootGroup;
			path = ToDoListUITests;
			sourceTree = "<group>";
		};
/* End PBXFileSystemSynchronizedRootGroup section */

/* Begin PBXFrameworksBuildPhase section */
		CC1A2EF12ED4B2BA00633CAD /* Frameworks */ = {
			isa = PBXFrameworksBuildPhase;
			buildActionMask = 2147483647;
			files = (
			);
			runOnlyForDeploymentPostprocessing = 0;
		};
		CC1A2F012ED4B2BD00633CAD /* Frameworks */ = {
			isa = PBXFrameworksBuildPhase;
			buildActionMask = 2147483647;
			files = (
			);
			runOnlyForDeploymentPostprocessing = 0;
		};
		CC1A2F0B2ED4B2BD00633CAD /* Frameworks */ = {
			isa = PBXFrameworksBuildPhase;
			buildActionMask = 2147483647;
			files = (
			);
			runOnlyForDeploymentPostprocessing = 0;
		};
/* End PBXFrameworksBuildPhase section */

/* Begin PBXGroup section */
		CC1A2EEB2ED4B2BA00633CAD = {
			isa = PBXGroup;
			children = (
				CC1A2F262ED4B2D200633CAD /* ToDoList */,
				CC1A2F072ED4B2BD00633CAD /* ToDoListTests */,
				CC1A2F112ED4B2BD00633CAD /* ToDoListUITests */,
				CC1A2EF52ED4B2BA00633CAD /* Products */,
			);
			sourceTree = "<group>";
		};
		CC1A2EF52ED4B2BA00633CAD /* Products */ = {
			isa = PBXGroup;
			children = (
				CC1A2EF42ED4B2BA00633CAD /* ToDoList.app */,
				CC1A2F042ED4B2BD00633CAD /* ToDoListTests.xctest */,
				CC1A2F0E2ED4B2BD00633CAD /* ToDoListUITests.xctest */,
			);
			name = Products;
			sourceTree = "<group>";
		};
		CC1A2F222ED4B2D200633CAD /* Preview Content */ = {
			isa = PBXGroup;
			children = (
				CC1A2F212ED4B2D200633CAD /* Preview Assets.xcassets */,
			);
			path = "Preview Content";
			sourceTree = "<group>";
		};
		CC1A2F262ED4B2D200633CAD /* ToDoList */ = {
			isa = PBXGroup;
			children = (
				CC293F8E2ED5F17F002D1FF1 /* Views */,
				CC293F8D2ED5F172002D1FF1 /* ViewModels */,
				CC293F8C2ED5F16C002D1FF1 /* Models */,
				CC1A2F252ED4B2D200633CAD /* ToDoListApp.swift */,
				CC1A2F232ED4B2D200633CAD /* Assets.xcassets */,
				CC1A2F222ED4B2D200633CAD /* Preview Content */,
			);
			path = ToDoList;
			sourceTree = "<group>";
		};
		CC293F8C2ED5F16C002D1FF1 /* Models */ = {
			isa = PBXGroup;
			children = (
				CC2940002ED875F6002D1FF1 /* TaskDisplayModel.swift */,
				CC293F972ED5F2B5002D1FF1 /* ApiModel.swift */,
				CC293F992ED5F2E1002D1FF1 /* DataModel.xcdatamodeld */,
			);
			path = Models;
			sourceTree = "<group>";
		};
		CC293F8D2ED5F172002D1FF1 /* ViewModels */ = {
			isa = PBXGroup;
			children = (
				CC293F952ED5F293002D1FF1 /* JsonViewModel.swift */,
				CC293F932ED5F1FF002D1FF1 /* TaskViewModel.swift */,
			);
			path = ViewModels;
			sourceTree = "<group>";
		};
		CC293F8E2ED5F17F002D1FF1 /* Views */ = {
			isa = PBXGroup;
			children = (
				CC293F8F2ED5F1C9002D1FF1 /* TaskMainView.swift */,
				CC293F912ED5F1D0002D1FF1 /* TaskDetailView.swift */,
			);
			path = Views;
			sourceTree = "<group>";
		};
/* End PBXGroup section */

/* Begin PBXNativeTarget section */
		CC1A2EF32ED4B2BA00633CAD /* ToDoList */ = {
			isa = PBXNativeTarget;
			buildConfigurationList = CC1A2F182ED4B2BD00633CAD /* Build configuration list for PBXNativeTarget "ToDoList" */;
			buildPhases = (
				CC1A2EF02ED4B2BA00633CAD /* Sources */,
				CC1A2EF12ED4B2BA00633CAD /* Frameworks */,
				CC1A2EF22ED4B2BA00633CAD /* Resources */,
			);
			buildRules = (
			);
			dependencies = (
			);
			name = ToDoList;
			packageProductDependencies = (
			);
			productName = ToDoList;
			productReference = CC1A2EF42ED4B2BA00633CAD /* ToDoList.app */;
			productType = "com.apple.product-type.application";
		};
		CC1A2F032ED4B2BD00633CAD /* ToDoListTests */ = {
			isa = PBXNativeTarget;
			buildConfigurationList = CC1A2F1B2ED4B2BD00633CAD /* Build configuration list for PBXNativeTarget "ToDoListTests" */;
			buildPhases = (
				CC1A2F002ED4B2BD00633CAD /* Sources */,
				CC1A2F012ED4B2BD00633CAD /* Frameworks */,
				CC1A2F022ED4B2BD00633CAD /* Resources */,
			);
			buildRules = (
			);
			dependencies = (
				CC1A2F062ED4B2BD00633CAD /* PBXTargetDependency */,
			);
			fileSystemSynchronizedGroups = (
				CC1A2F072ED4B2BD00633CAD /* ToDoListTests */,
			);
			name = ToDoListTests;
			packageProductDependencies = (
			);
			productName = ToDoListTests;
			productReference = CC1A2F042ED4B2BD00633CAD /* ToDoListTests.xctest */;
			productType = "com.apple.product-type.bundle.unit-test";
		};
		CC1A2F0D2ED4B2BD00633CAD /* ToDoListUITests */ = {
			isa = PBXNativeTarget;
			buildConfigurationList = CC1A2F1E2ED4B2BD00633CAD /* Build configuration list for PBXNativeTarget "ToDoListUITests" */;
			buildPhases = (
				CC1A2F0A2ED4B2BD00633CAD /* Sources */,
				CC1A2F0B2ED4B2BD00633CAD /* Frameworks */,
				CC1A2F0C2ED4B2BD00633CAD /* Resources */,
			);
			buildRules = (
			);
			dependencies = (
				CC1A2F102ED4B2BD00633CAD /* PBXTargetDependency */,
			);
			fileSystemSynchronizedGroups = (
				CC1A2F112ED4B2BD00633CAD /* ToDoListUITests */,
			);
			name = ToDoListUITests;
			packageProductDependencies = (
			);
			productName = ToDoListUITests;
			productReference = CC1A2F0E2ED4B2BD00633CAD /* ToDoListUITests.xctest */;
			productType = "com.apple.product-type.bundle.ui-testing";
		};
/* End PBXNativeTarget section */

/* Begin PBXProject section */
		CC1A2EEC2ED4B2BA00633CAD /* Project object */ = {
			isa = PBXProject;
			attributes = {
				BuildIndependentTargetsInParallel = 1;
				LastSwiftUpdateCheck = 1620;
				LastUpgradeCheck = 1620;
				TargetAttributes = {
					CC1A2EF32ED4B2BA00633CAD = {
						CreatedOnToolsVersion = 16.2;
					};
					CC1A2F032ED4B2BD00633CAD = {
						CreatedOnToolsVersion = 16.2;
						TestTargetID = CC1A2EF32ED4B2BA00633CAD;
					};
					CC1A2F0D2ED4B2BD00633CAD = {
						CreatedOnToolsVersion = 16.2;
						TestTargetID = CC1A2EF32ED4B2BA00633CAD;
					};
				};
			};
			buildConfigurationList = CC1A2EEF2ED4B2BA00633CAD /* Build configuration list for PBXProject "ToDoList" */;
			developmentRegion = en;
			hasScannedForEncodings = 0;
			knownRegions = (
				en,
				Base,
			);
			mainGroup = CC1A2EEB2ED4B2BA00633CAD;
			minimizedProjectReferenceProxies = 1;
			preferredProjectObjectVersion = 77;
			productRefGroup = CC1A2EF52ED4B2BA00633CAD /* Products */;
			projectDirPath = "";
			projectRoot = "";
			targets = (
				CC1A2EF32ED4B2BA00633CAD /* ToDoList */,
				CC1A2F032ED4B2BD00633CAD /* ToDoListTests */,
				CC1A2F0D2ED4B2BD00633CAD /* ToDoListUITests */,
			);
		};
/* End PBXProject section */

/* Begin PBXResourcesBuildPhase section */
		CC1A2EF22ED4B2BA00633CAD /* Resources */ = {
			isa = PBXResourcesBuildPhase;
			buildActionMask = 2147483647;
			files = (
				CC1A2F272ED4B2D200633CAD /* Preview Assets.xcassets in Resources */,
				CC1A2F282ED4B2D200633CAD /* Assets.xcassets in Resources */,
			);
			runOnlyForDeploymentPostprocessing = 0;
		};
		CC1A2F022ED4B2BD00633CAD /* Resources */ = {
			isa = PBXResourcesBuildPhase;
			buildActionMask = 2147483647;
			files = (
			);
			runOnlyForDeploymentPostprocessing = 0;
		};
		CC1A2F0C2ED4B2BD00633CAD /* Resources */ = {
			isa = PBXResourcesBuildPhase;
			buildActionMask = 2147483647;
			files = (
			);
			runOnlyForDeploymentPostprocessing = 0;
		};
/* End PBXResourcesBuildPhase section */

/* Begin PBXSourcesBuildPhase section */
		CC1A2EF02ED4B2BA00633CAD /* Sources */ = {
			isa = PBXSourcesBuildPhase;
			buildActionMask = 2147483647;
			files = (
				CC293F902ED5F1CD002D1FF1 /* TaskMainView.swift in Sources */,
				CC293F942ED5F204002D1FF1 /* TaskViewModel.swift in Sources */,
				CC1A2F2A2ED4B2D200633CAD /* ToDoListApp.swift in Sources */,
				CC2940012ED875FD002D1FF1 /* TaskDisplayModel.swift in Sources */,
				CC293F9B2ED5F2E1002D1FF1 /* DataModel.xcdatamodeld in Sources */,
				CC293F962ED5F297002D1FF1 /* JsonViewModel.swift in Sources */,
				CC293F982ED5F2B8002D1FF1 /* ApiModel.swift in Sources */,
				CC293F922ED5F1D4002D1FF1 /* TaskDetailView.swift in Sources */,
			);
			runOnlyForDeploymentPostprocessing = 0;
		};
		CC1A2F002ED4B2BD00633CAD /* Sources */ = {
			isa = PBXSourcesBuildPhase;
			buildActionMask = 2147483647;
			files = (
			);
			runOnlyForDeploymentPostprocessing = 0;
		};
		CC1A2F0A2ED4B2BD00633CAD /* Sources */ = {
			isa = PBXSourcesBuildPhase;
			buildActionMask = 2147483647;
			files = (
			);
			runOnlyForDeploymentPostprocessing = 0;
		};
/* End PBXSourcesBuildPhase section */

/* Begin PBXTargetDependency section */
		CC1A2F062ED4B2BD00633CAD /* PBXTargetDependency */ = {
			isa = PBXTargetDependency;
			target = CC1A2EF32ED4B2BA00633CAD /* ToDoList */;
			targetProxy = CC1A2F052ED4B2BD00633CAD /* PBXContainerItemProxy */;
		};
		CC1A2F102ED4B2BD00633CAD /* PBXTargetDependency */ = {
			isa = PBXTargetDependency;
			target = CC1A2EF32ED4B2BA00633CAD /* ToDoList */;
			targetProxy = CC1A2F0F2ED4B2BD00633CAD /* PBXContainerItemProxy */;
		};
/* End PBXTargetDependency section */

/* Begin XCBuildConfiguration section */
		CC1A2F162ED4B2BD00633CAD /* Debug */ = {
			isa = XCBuildConfiguration;
			buildSettings = {
				ALWAYS_SEARCH_USER_PATHS = NO;
				ASSETCATALOG_COMPILER_GENERATE_SWIFT_ASSET_SYMBOL_EXTENSIONS = YES;
				CLANG_ANALYZER_NONNULL = YES;
				CLANG_ANALYZER_NUMBER_OBJECT_CONVERSION = YES_AGGRESSIVE;
				CLANG_CXX_LANGUAGE_STANDARD = "gnu++20";
				CLANG_ENABLE_MODULES = YES;
				CLANG_ENABLE_OBJC_ARC = YES;
				CLANG_ENABLE_OBJC_WEAK = YES;
				CLANG_WARN_BLOCK_CAPTURE_AUTORELEASING = YES;
				CLANG_WARN_BOOL_CONVERSION = YES;
				CLANG_WARN_COMMA = YES;
				CLANG_WARN_CONSTANT_CONVERSION = YES;
				CLANG_WARN_DEPRECATED_OBJC_IMPLEMENTATIONS = YES;
				CLANG_WARN_DIRECT_OBJC_ISA_USAGE = YES_ERROR;
				CLANG_WARN_DOCUMENTATION_COMMENTS = YES;
				CLANG_WARN_EMPTY_BODY = YES;
				CLANG_WARN_ENUM_CONVERSION = YES;
				CLANG_WARN_INFINITE_RECURSION = YES;
				CLANG_WARN_INT_CONVERSION = YES;
				CLANG_WARN_NON_LITERAL_NULL_CONVERSION = YES;
				CLANG_WARN_OBJC_IMPLICIT_RETAIN_SELF = YES;
				CLANG_WARN_OBJC_LITERAL_CONVERSION = YES;
				CLANG_WARN_OBJC_ROOT_CLASS = YES_ERROR;
				CLANG_WARN_QUOTED_INCLUDE_IN_FRAMEWORK_HEADER = YES;
				CLANG_WARN_RANGE_LOOP_ANALYSIS = YES;
				CLANG_WARN_STRICT_PROTOTYPES = YES;
				CLANG_WARN_SUSPICIOUS_MOVE = YES;
				CLANG_WARN_UNGUARDED_AVAILABILITY = YES_AGGRESSIVE;
				CLANG_WARN_UNREACHABLE_CODE = YES;
				CLANG_WARN__DUPLICATE_METHOD_MATCH = YES;
				COPY_PHASE_STRIP = NO;
				DEBUG_INFORMATION_FORMAT = dwarf;
				ENABLE_STRICT_OBJC_MSGSEND = YES;
				ENABLE_TESTABILITY = YES;
				ENABLE_USER_SCRIPT_SANDBOXING = YES;
				GCC_C_LANGUAGE_STANDARD = gnu17;
				GCC_DYNAMIC_NO_PIC = NO;
				GCC_NO_COMMON_BLOCKS = YES;
				GCC_OPTIMIZATION_LEVEL = 0;
				GCC_PREPROCESSOR_DEFINITIONS = (
					"DEBUG=1",
					"$(inherited)",
				);
				GCC_WARN_64_TO_32_BIT_CONVERSION = YES;
				GCC_WARN_ABOUT_RETURN_TYPE = YES_ERROR;
				GCC_WARN_UNDECLARED_SELECTOR = YES;
				GCC_WARN_UNINITIALIZED_AUTOS = YES_AGGRESSIVE;
				GCC_WARN_UNUSED_FUNCTION = YES;
				GCC_WARN_UNUSED_VARIABLE = YES;
				IPHONEOS_DEPLOYMENT_TARGET = 18.2;
				LOCALIZATION_PREFERS_STRING_CATALOGS = YES;
				MTL_ENABLE_DEBUG_INFO = INCLUDE_SOURCE;
				MTL_FAST_MATH = YES;
				ONLY_ACTIVE_ARCH = YES;
				SDKROOT = iphoneos;
				SWIFT_ACTIVE_COMPILATION_CONDITIONS = "DEBUG $(inherited)";
				SWIFT_OPTIMIZATION_LEVEL = "-Onone";
			};
			name = Debug;
		};
		CC1A2F172ED4B2BD00633CAD /* Release */ = {
			isa = XCBuildConfiguration;
			buildSettings = {
				ALWAYS_SEARCH_USER_PATHS = NO;
				ASSETCATALOG_COMPILER_GENERATE_SWIFT_ASSET_SYMBOL_EXTENSIONS = YES;
				CLANG_ANALYZER_NONNULL = YES;
				CLANG_ANALYZER_NUMBER_OBJECT_CONVERSION = YES_AGGRESSIVE;
				CLANG_CXX_LANGUAGE_STANDARD = "gnu++20";
				CLANG_ENABLE_MODULES = YES;
				CLANG_ENABLE_OBJC_ARC = YES;
				CLANG_ENABLE_OBJC_WEAK = YES;
				CLANG_WARN_BLOCK_CAPTURE_AUTORELEASING = YES;
				CLANG_WARN_BOOL_CONVERSION = YES;
				CLANG_WARN_COMMA = YES;
				CLANG_WARN_CONSTANT_CONVERSION = YES;
				CLANG_WARN_DEPRECATED_OBJC_IMPLEMENTATIONS = YES;
				CLANG_WARN_DIRECT_OBJC_ISA_USAGE = YES_ERROR;
				CLANG_WARN_DOCUMENTATION_COMMENTS = YES;
				CLANG_WARN_EMPTY_BODY = YES;
				CLANG_WARN_ENUM_CONVERSION = YES;
				CLANG_WARN_INFINITE_RECURSION = YES;
				CLANG_WARN_INT_CONVERSION = YES;
				CLANG_WARN_NON_LITERAL_NULL_CONVERSION = YES;
				CLANG_WARN_OBJC_IMPLICIT_RETAIN_SELF = YES;
				CLANG_WARN_OBJC_LITERAL_CONVERSION = YES;
				CLANG_WARN_OBJC_ROOT_CLASS = YES_ERROR;
				CLANG_WARN_QUOTED_INCLUDE_IN_FRAMEWORK_HEADER = YES;
				CLANG_WARN_RANGE_LOOP_ANALYSIS = YES;
				CLANG_WARN_STRICT_PROTOTYPES = YES;
				CLANG_WARN_SUSPICIOUS_MOVE = YES;
				CLANG_WARN_UNGUARDED_AVAILABILITY = YES_AGGRESSIVE;
				CLANG_WARN_UNREACHABLE_CODE = YES;
				CLANG_WARN__DUPLICATE_METHOD_MATCH = YES;
				COPY_PHASE_STRIP = NO;
				DEBUG_INFORMATION_FORMAT = "dwarf-with-dsym";
				ENABLE_NS_ASSERTIONS = NO;
				ENABLE_STRICT_OBJC_MSGSEND = YES;
				ENABLE_USER_SCRIPT_SANDBOXING = YES;
				GCC_C_LANGUAGE_STANDARD = gnu17;
				GCC_NO_COMMON_BLOCKS = YES;
				GCC_WARN_64_TO_32_BIT_CONVERSION = YES;
				GCC_WARN_ABOUT_RETURN_TYPE = YES_ERROR;
				GCC_WARN_UNDECLARED_SELECTOR = YES;
				GCC_WARN_UNINITIALIZED_AUTOS = YES_AGGRESSIVE;
				GCC_WARN_UNUSED_FUNCTION = YES;
				GCC_WARN_UNUSED_VARIABLE = YES;
				IPHONEOS_DEPLOYMENT_TARGET = 18.2;
				LOCALIZATION_PREFERS_STRING_CATALOGS = YES;
				MTL_ENABLE_DEBUG_INFO = NO;
				MTL_FAST_MATH = YES;
				SDKROOT = iphoneos;
				SWIFT_COMPILATION_MODE = wholemodule;
				VALIDATE_PRODUCT = YES;
			};
			name = Release;
		};
		CC1A2F192ED4B2BD00633CAD /* Debug */ = {
			isa = XCBuildConfiguration;
			buildSettings = {
				ASSETCATALOG_COMPILER_APPICON_NAME = AppIcon;
				ASSETCATALOG_COMPILER_GLOBAL_ACCENT_COLOR_NAME = AccentColor;
				CODE_SIGN_STYLE = Automatic;
				CURRENT_PROJECT_VERSION = 1;
				DEVELOPMENT_ASSET_PATHS = "\"ToDoList/Preview Content\"";
				DEVELOPMENT_TEAM = 32AK6Z32QS;
				ENABLE_PREVIEWS = YES;
				GENERATE_INFOPLIST_FILE = YES;
				INFOPLIST_KEY_UIApplicationSceneManifest_Generation = YES;
				INFOPLIST_KEY_UIApplicationSupportsIndirectInputEvents = YES;
				INFOPLIST_KEY_UILaunchScreen_Generation = YES;
				INFOPLIST_KEY_UISupportedInterfaceOrientations_iPad = "UIInterfaceOrientationPortrait UIInterfaceOrientationPortraitUpsideDown UIInterfaceOrientationLandscapeLeft UIInterfaceOrientationLandscapeRight";
				INFOPLIST_KEY_UISupportedInterfaceOrientations_iPhone = "UIInterfaceOrientationPortrait UIInterfaceOrientationLandscapeLeft UIInterfaceOrientationLandscapeRight";
				LD_RUNPATH_SEARCH_PATHS = (
					"$(inherited)",
					"@executable_path/Frameworks",
				);
				MARKETING_VERSION = 1.0;
				PRODUCT_BUNDLE_IDENTIFIER = edfroll.ToDoList;
				PRODUCT_NAME = "$(TARGET_NAME)";
				SWIFT_EMIT_LOC_STRINGS = YES;
				SWIFT_VERSION = 5.0;
				TARGETED_DEVICE_FAMILY = "1,2";
			};
			name = Debug;
		};
		CC1A2F1A2ED4B2BD00633CAD /* Release */ = {
			isa = XCBuildConfiguration;
			buildSettings = {
				ASSETCATALOG_COMPILER_APPICON_NAME = AppIcon;
				ASSETCATALOG_COMPILER_GLOBAL_ACCENT_COLOR_NAME = AccentColor;
				CODE_SIGN_STYLE = Automatic;
				CURRENT_PROJECT_VERSION = 1;
				DEVELOPMENT_ASSET_PATHS = "\"ToDoList/Preview Content\"";
				DEVELOPMENT_TEAM = 32AK6Z32QS;
				ENABLE_PREVIEWS = YES;
				GENERATE_INFOPLIST_FILE = YES;
				INFOPLIST_KEY_UIApplicationSceneManifest_Generation = YES;
				INFOPLIST_KEY_UIApplicationSupportsIndirectInputEvents = YES;
				INFOPLIST_KEY_UILaunchScreen_Generation = YES;
				INFOPLIST_KEY_UISupportedInterfaceOrientations_iPad = "UIInterfaceOrientationPortrait UIInterfaceOrientationPortraitUpsideDown UIInterfaceOrientationLandscapeLeft UIInterfaceOrientationLandscapeRight";
				INFOPLIST_KEY_UISupportedInterfaceOrientations_iPhone = "UIInterfaceOrientationPortrait UIInterfaceOrientationLandscapeLeft UIInterfaceOrientationLandscapeRight";
				LD_RUNPATH_SEARCH_PATHS = (
					"$(inherited)",
					"@executable_path/Frameworks",
				);
				MARKETING_VERSION = 1.0;
				PRODUCT_BUNDLE_IDENTIFIER = edfroll.ToDoList;
				PRODUCT_NAME = "$(TARGET_NAME)";
				SWIFT_EMIT_LOC_STRINGS = YES;
				SWIFT_VERSION = 5.0;
				TARGETED_DEVICE_FAMILY = "1,2";
			};
			name = Release;
		};
		CC1A2F1C2ED4B2BD00633CAD /* Debug */ = {
			isa = XCBuildConfiguration;
			buildSettings = {
				BUNDLE_LOADER = "$(TEST_HOST)";
				CODE_SIGN_STYLE = Automatic;
				CURRENT_PROJECT_VERSION = 1;
				DEVELOPMENT_TEAM = 32AK6Z32QS;
				GENERATE_INFOPLIST_FILE = YES;
				IPHONEOS_DEPLOYMENT_TARGET = 18.2;
				MARKETING_VERSION = 1.0;
				PRODUCT_BUNDLE_IDENTIFIER = edfroll.ToDoListTests;
				PRODUCT_NAME = "$(TARGET_NAME)";
				SWIFT_EMIT_LOC_STRINGS = NO;
				SWIFT_VERSION = 5.0;
				TARGETED_DEVICE_FAMILY = "1,2";
				TEST_HOST = "$(BUILT_PRODUCTS_DIR)/ToDoList.app/$(BUNDLE_EXECUTABLE_FOLDER_PATH)/ToDoList";
			};
			name = Debug;
		};
		CC1A2F1D2ED4B2BD00633CAD /* Release */ = {
			isa = XCBuildConfiguration;
			buildSettings = {
				BUNDLE_LOADER = "$(TEST_HOST)";
				CODE_SIGN_STYLE = Automatic;
				CURRENT_PROJECT_VERSION = 1;
				DEVELOPMENT_TEAM = 32AK6Z32QS;
				GENERATE_INFOPLIST_FILE = YES;
				IPHONEOS_DEPLOYMENT_TARGET = 18.2;
				MARKETING_VERSION = 1.0;
				PRODUCT_BUNDLE_IDENTIFIER = edfroll.ToDoListTests;
				PRODUCT_NAME = "$(TARGET_NAME)";
				SWIFT_EMIT_LOC_STRINGS = NO;
				SWIFT_VERSION = 5.0;
				TARGETED_DEVICE_FAMILY = "1,2";
				TEST_HOST = "$(BUILT_PRODUCTS_DIR)/ToDoList.app/$(BUNDLE_EXECUTABLE_FOLDER_PATH)/ToDoList";
			};
			name = Release;
		};
		CC1A2F1F2ED4B2BD00633CAD /* Debug */ = {
			isa = XCBuildConfiguration;
			buildSettings = {
				CODE_SIGN_STYLE = Automatic;
				CURRENT_PROJECT_VERSION = 1;
				DEVELOPMENT_TEAM = 32AK6Z32QS;
				GENERATE_INFOPLIST_FILE = YES;
				MARKETING_VERSION = 1.0;
				PRODUCT_BUNDLE_IDENTIFIER = edfroll.ToDoListUITests;
				PRODUCT_NAME = "$(TARGET_NAME)";
				SWIFT_EMIT_LOC_STRINGS = NO;
				SWIFT_VERSION = 5.0;
				TARGETED_DEVICE_FAMILY = "1,2";
				TEST_TARGET_NAME = ToDoList;
			};
			name = Debug;
		};
		CC1A2F202ED4B2BD00633CAD /* Release */ = {
			isa = XCBuildConfiguration;
			buildSettings = {
				CODE_SIGN_STYLE = Automatic;
				CURRENT_PROJECT_VERSION = 1;
				DEVELOPMENT_TEAM = 32AK6Z32QS;
				GENERATE_INFOPLIST_FILE = YES;
				MARKETING_VERSION = 1.0;
				PRODUCT_BUNDLE_IDENTIFIER = edfroll.ToDoListUITests;
				PRODUCT_NAME = "$(TARGET_NAME)";
				SWIFT_EMIT_LOC_STRINGS = NO;
				SWIFT_VERSION = 5.0;
				TARGETED_DEVICE_FAMILY = "1,2";
				TEST_TARGET_NAME = ToDoList;
			};
			name = Release;
		};
/* End XCBuildConfiguration section */

/* Begin XCConfigurationList section */
		CC1A2EEF2ED4B2BA00633CAD /* Build configuration list for PBXProject "ToDoList" */ = {
			isa = XCConfigurationList;
			buildConfigurations = (
				CC1A2F162ED4B2BD00633CAD /* Debug */,
				CC1A2F172ED4B2BD00633CAD /* Release */,
			);
			defaultConfigurationIsVisible = 0;
			defaultConfigurationName = Release;
		};
		CC1A2F182ED4B2BD00633CAD /* Build configuration list for PBXNativeTarget "ToDoList" */ = {
			isa = XCConfigurationList;
			buildConfigurations = (
				CC1A2F192ED4B2BD00633CAD /* Debug */,
				CC1A2F1A2ED4B2BD00633CAD /* Release */,
			);
			defaultConfigurationIsVisible = 0;
			defaultConfigurationName = Release;
		};
		CC1A2F1B2ED4B2BD00633CAD /* Build configuration list for PBXNativeTarget "ToDoListTests" */ = {
			isa = XCConfigurationList;
			buildConfigurations = (
				CC1A2F1C2ED4B2BD00633CAD /* Debug */,
				CC1A2F1D2ED4B2BD00633CAD /* Release */,
			);
			defaultConfigurationIsVisible = 0;
			defaultConfigurationName = Release;
		};
		CC1A2F1E2ED4B2BD00633CAD /* Build configuration list for PBXNativeTarget "ToDoListUITests" */ = {
			isa = XCConfigurationList;
			buildConfigurations = (
				CC1A2F1F2ED4B2BD00633CAD /* Debug */,
				CC1A2F202ED4B2BD00633CAD /* Release */,
			);
			defaultConfigurationIsVisible = 0;
			defaultConfigurationName = Release;
		};
/* End XCConfigurationList section */

/* Begin XCVersionGroup section */
		CC293F992ED5F2E1002D1FF1 /* DataModel.xcdatamodeld */ = {
			isa = XCVersionGroup;
			children = (
				CC293F9A2ED5F2E1002D1FF1 /* DataModel.xcdatamodel */,
			);
			currentVersion = CC293F9A2ED5F2E1002D1FF1 /* DataModel.xcdatamodel */;
			path = DataModel.xcdatamodeld;
			sourceTree = "<group>";
			versionGroupType = wrapper.xcdatamodel;
		};
/* End XCVersionGroup section */
	};
	rootObject = CC1A2EEC2ED4B2BA00633CAD /* Project object */;
}
